
Microsoft Visual Studio Solution File, Format Version 12.00
# Visual Studio Version 17
VisualStudioVersion = 17.14.36804.6 d17.14
MinimumVisualStudioVersion = 10.0.40219.1
Project("{FAE04EC0-301F-11D3-BF4B-00C04F79EFBC}") = "3160robot.bot", "3160robot.bot\3160robot.bot.csproj", "{D7DABC26-77FD-46C5-8817-7219F1B3296F}"
EndProject
Global
	GlobalSection(SolutionConfigurationPlatforms) = preSolution
		Debug|Any CPU = Debug|Any CPU
		Release|Any CPU = Release|Any CPU
	EndGlobalSection
	GlobalSection(ProjectConfigurationPlatforms) = postSolution
		{D7DABC26-77FD-46C5-8817-7219F1B3296F}.Debug|Any CPU.ActiveCfg = Debug|Any CPU
		{D7DABC26-77FD-46C5-8817-7219F1B3296F}.Debug|Any CPU.Build.0 = Debug|Any CPU
		{D7DABC26-77FD-46C5-8817-7219F1B3296F}.Release|Any CPU.ActiveCfg = Release|Any CPU
		{D7DABC26-77FD-46C5-8817-7219F1B3296F}.Release|Any CPU.Build.0 = Release|Any CPU
	EndGlobalSection
	GlobalSection(SolutionProperties) = preSolution
		HideSolutionNode = FALSE
	EndGlobalSection
	GlobalSection(ExtensibilityGlobals) = postSolution
		SolutionGuid = {7D1A8F13-C960-4D55-9BE0-A9BB7ED6BBEC}
	EndGlobalSection
EndGlobal
